
Microsoft Visual Studio Solution File, Format Version 12.00
# Visual Studio 15
VisualStudioVersion = 15.0.26228.9
MinimumVisualStudioVersion = 10.0.40219.1
Project("{FAE04EC0-301F-11D3-BF4B-00C04F79EFBC}") = "KBSConsoleApp", "KBSConsoleApp\KBSConsoleApp.csproj", "{6FF95E7C-0A88-4F4B-8BBD-66F7B7BF9EFD}"
EndProject
Project("{FAE04EC0-301F-11D3-BF4B-00C04F79EFBC}") = "ChartStructLib", "ChartStructLib\ChartStructLib.csproj", "{3C2B64D7-26A0-45FD-97CD-32191D2736A3}"
EndProject
Project("{FAE04EC0-301F-11D3-BF4B-00C04F79EFBC}") = "ModelLib", "ModelLib\ModelLib.csproj", "{92CA7FC6-36D9-49EA-A796-8C853631AD92}"
EndProject
Project("{FAE04EC0-301F-11D3-BF4B-00C04F79EFBC}") = "KBSMVC", "KBSMVC\KBSMVC.csproj", "{FD4BB7F7-402C-478A-87AA-AE7102921D26}"
EndProject
Global
	GlobalSection(SolutionConfigurationPlatforms) = preSolution
		Debug|Any CPU = Debug|Any CPU
		Release|Any CPU = Release|Any CPU
	EndGlobalSection
	GlobalSection(ProjectConfigurationPlatforms) = postSolution
		{6FF95E7C-0A88-4F4B-8BBD-66F7B7BF9EFD}.Debug|Any CPU.ActiveCfg = Debug|Any CPU
		{6FF95E7C-0A88-4F4B-8BBD-66F7B7BF9EFD}.Debug|Any CPU.Build.0 = Debug|Any CPU
		{6FF95E7C-0A88-4F4B-8BBD-66F7B7BF9EFD}.Release|Any CPU.ActiveCfg = Release|Any CPU
		{6FF95E7C-0A88-4F4B-8BBD-66F7B7BF9EFD}.Release|Any CPU.Build.0 = Release|Any CPU
		{3C2B64D7-26A0-45FD-97CD-32191D2736A3}.Debug|Any CPU.ActiveCfg = Debug|Any CPU
		{3C2B64D7-26A0-45FD-97CD-32191D2736A3}.Debug|Any CPU.Build.0 = Debug|Any CPU
		{3C2B64D7-26A0-45FD-97CD-32191D2736A3}.Release|Any CPU.ActiveCfg = Release|Any CPU
		{3C2B64D7-26A0-45FD-97CD-32191D2736A3}.Release|Any CPU.Build.0 = Release|Any CPU
		{92CA7FC6-36D9-49EA-A796-8C853631AD92}.Debug|Any CPU.ActiveCfg = Debug|Any CPU
		{92CA7FC6-36D9-49EA-A796-8C853631AD92}.Debug|Any CPU.Build.0 = Debug|Any CPU
		{92CA7FC6-36D9-49EA-A796-8C853631AD92}.Release|Any CPU.ActiveCfg = Release|Any CPU
		{92CA7FC6-36D9-49EA-A796-8C853631AD92}.Release|Any CPU.Build.0 = Release|Any CPU
		{FD4BB7F7-402C-478A-87AA-AE7102921D26}.Debug|Any CPU.ActiveCfg = Debug|Any CPU
		{FD4BB7F7-402C-478A-87AA-AE7102921D26}.Debug|Any CPU.Build.0 = Debug|Any CPU
		{FD4BB7F7-402C-478A-87AA-AE7102921D26}.Release|Any CPU.ActiveCfg = Release|Any CPU
		{FD4BB7F7-402C-478A-87AA-AE7102921D26}.Release|Any CPU.Build.0 = Release|Any CPU
	EndGlobalSection
	GlobalSection(SolutionProperties) = preSolution
		HideSolutionNode = FALSE
	EndGlobalSection
EndGlobal
